
Microsoft Visual Studio Solution File, Format Version 12.00
# Visual Studio 2013
VisualStudioVersion = 12.0.21005.1
MinimumVisualStudioVersion = 10.0.40219.1
Project("{8BC9CEB8-8B4A-11D0-8D11-00A0C91BC942}") = "game1", "game1\game1.vcxproj", "{D2785368-8B6D-4D5B-92A0-A3926BB40434}"
EndProject
Global
	GlobalSection(SolutionConfigurationPlatforms) = preSolution
		Debug|Win32 = Debug|Win32
		Release|Win32 = Release|Win32
	EndGlobalSection
	GlobalSection(ProjectConfigurationPlatforms) = postSolution
		{D2785368-8B6D-4D5B-92A0-A3926BB40434}.Debug|Win32.ActiveCfg = Debug|Win32
		{D2785368-8B6D-4D5B-92A0-A3926BB40434}.Debug|Win32.Build.0 = Debug|Win32
		{D2785368-8B6D-4D5B-92A0-A3926BB40434}.Release|Win32.ActiveCfg = Release|Win32
		{D2785368-8B6D-4D5B-92A0-A3926BB40434}.Release|Win32.Build.0 = Release|Win32
	EndGlobalSection
	GlobalSection(SolutionProperties) = preSolution
		HideSolutionNode = FALSE
	EndGlobalSection
EndGlobal
